
Microsoft Visual Studio Solution File, Format Version 12.00
# Visual Studio Version 17
VisualStudioVersion = 17.11.35312.102
MinimumVisualStudioVersion = 10.0.40219.1
Project("{2150E333-8FDC-42A3-9474-1A3956D46DE8}") = "src", "src", "{E6E46D43-BFA6-48CC-AFF1-703425B62774}"
EndProject
Project("{2150E333-8FDC-42A3-9474-1A3956D46DE8}") = "Solution Items", "Solution Items", "{BC09C1E4-C632-48C7-A237-E55FD083D5E9}"
	ProjectSection(SolutionItems) = preProject
		ServiceUrl.txt = ServiceUrl.txt
	EndProjectSection
EndProject
Project("{2150E333-8FDC-42A3-9474-1A3956D46DE8}") = "ApiGateways", "ApiGateways", "{870703C8-9D1B-4D9C-A761-58C321F35D6D}"
EndProject
Project("{2150E333-8FDC-42A3-9474-1A3956D46DE8}") = "BuildingBlocks", "BuildingBlocks", "{52919B7A-199C-4C3A-8471-2B1E47D8B2BF}"
EndProject
Project("{2150E333-8FDC-42A3-9474-1A3956D46DE8}") = "Services", "Services", "{9999B709-80F3-45C3-9A48-21C2491C02C0}"
EndProject
Project("{2150E333-8FDC-42A3-9474-1A3956D46DE8}") = "Clients", "Clients", "{CF087D45-E625-4F13-966D-3C723B959A44}"
EndProject
Project("{2150E333-8FDC-42A3-9474-1A3956D46DE8}") = "WebApiGateway", "WebApiGateway", "{DF341BFD-88D7-470B-86D7-7F3427B57C15}"
EndProject
Project("{9A19103F-16F7-4668-BE54-9A1E7A4F7556}") = "Web.ApiGateway", "src\ApiGateways\WebApiGateway\Web.ApiGateway\Web.ApiGateway.csproj", "{E8AF994D-8D6A-4BC1-B24F-444B31945EA0}"
EndProject
Project("{2150E333-8FDC-42A3-9474-1A3956D46DE8}") = "EventBus", "EventBus", "{F62CFD18-2091-4B95-9A49-BC6336E1A58F}"
EndProject
Project("{9A19103F-16F7-4668-BE54-9A1E7A4F7556}") = "EventBus.Base", "src\BuildingBlocks\EventBus\EventBus.Base\EventBus.Base.csproj", "{23A70E1A-8A40-467B-BF36-5C5BF0D51CD4}"
EndProject
Project("{9A19103F-16F7-4668-BE54-9A1E7A4F7556}") = "EventBus.Factory", "src\BuildingBlocks\EventBus\EventBus.Factory\EventBus.Factory.csproj", "{5AFBFBE4-750F-4A0B-953D-6F47958157F2}"
EndProject
Project("{9A19103F-16F7-4668-BE54-9A1E7A4F7556}") = "EventBus.AzureServiceBus", "src\BuildingBlocks\EventBus\EventBus.AzureServiceBus\EventBus.AzureServiceBus.csproj", "{16FD767A-D08D-44F9-ADD9-689ECF06E3C1}"
EndProject
Project("{9A19103F-16F7-4668-BE54-9A1E7A4F7556}") = "EventBus.RabbitMQ", "src\BuildingBlocks\EventBus\EventBus.RabbitMQ\EventBus.RabbitMQ.csproj", "{3D60D1A4-92D5-4312-BD94-68F3C1F4E258}"
EndProject
Project("{2150E333-8FDC-42A3-9474-1A3956D46DE8}") = "BlazorWebApp", "BlazorWebApp", "{22D35FD0-9A2D-4E74-BDCA-789422D889A9}"
EndProject
Project("{9A19103F-16F7-4668-BE54-9A1E7A4F7556}") = "WebApp", "src\Clients\BlazorWebApp\WebApp\WebApp.csproj", "{BDE70A94-B83A-4C96-807B-735925A40F73}"
EndProject
Project("{2150E333-8FDC-42A3-9474-1A3956D46DE8}") = "BasketService", "BasketService", "{D5CB47EA-B640-45EC-801D-74D6AF5B4469}"
EndProject
Project("{9A19103F-16F7-4668-BE54-9A1E7A4F7556}") = "BasketService.Api", "src\Services\BasketService\BasketService.Api\BasketService.Api.csproj", "{CB6C996E-0A9C-431C-91E9-609A6A7D44D5}"
EndProject
Project("{2150E333-8FDC-42A3-9474-1A3956D46DE8}") = "CatalogService", "CatalogService", "{CCFB6CB9-0226-4275-8700-F1D6DC535883}"
EndProject
Project("{9A19103F-16F7-4668-BE54-9A1E7A4F7556}") = "CatalogService.Api", "src\Services\CaatalogService\CatalogService.Api\CatalogService.Api.csproj", "{75618CB6-EE14-41EB-A4CD-BEB3C631AF90}"
EndProject
Project("{2150E333-8FDC-42A3-9474-1A3956D46DE8}") = "IdentityService", "IdentityService", "{F2016EE6-B883-4690-901E-0FF6198397CA}"
EndProject
Project("{9A19103F-16F7-4668-BE54-9A1E7A4F7556}") = "IdentityService.Api", "src\Services\IdentityService\IdentityService.Api\IdentityService.Api.csproj", "{7D33E66F-7BB3-4A7A-96A1-342562091AFF}"
EndProject
Project("{2150E333-8FDC-42A3-9474-1A3956D46DE8}") = "NotificationService", "NotificationService", "{A52E31C0-AA68-4FB2-A9C6-00160338882B}"
EndProject
Project("{9A19103F-16F7-4668-BE54-9A1E7A4F7556}") = "NotificationService", "src\Services\NotificationService\NotificationService\NotificationService.csproj", "{9C23D0C1-0A4B-4EA7-8A00-0846094F50DE}"
EndProject
Project("{2150E333-8FDC-42A3-9474-1A3956D46DE8}") = "OrderService", "OrderService", "{8A6EFC2B-B605-4103-BD7C-0362526344C0}"
EndProject
Project("{9A19103F-16F7-4668-BE54-9A1E7A4F7556}") = "OrderService.Domain", "src\Services\OrderService\OrderService.Domain\OrderService.Domain.csproj", "{16DE4C53-1789-485C-BEFE-2FBFB4BAA025}"
EndProject
Project("{9A19103F-16F7-4668-BE54-9A1E7A4F7556}") = "OrderService.Application", "src\Services\OrderService\OrderService.Application\OrderService.Application.csproj", "{00CDAEAE-8920-4C35-BFFC-FA4FB1673A65}"
EndProject
Project("{9A19103F-16F7-4668-BE54-9A1E7A4F7556}") = "OrderService.Infrastructure", "src\Services\OrderService\OrderService.Infrastructure\OrderService.Infrastructure.csproj", "{3D25A74F-4B0D-4A73-BF28-595585FEB67B}"
EndProject
Project("{9A19103F-16F7-4668-BE54-9A1E7A4F7556}") = "OrderService.Api", "src\Services\OrderService\OrderService.Api\OrderService.Api.csproj", "{9FBDB0C2-A50E-4557-9E2F-C220C8DC03FD}"
EndProject
Project("{2150E333-8FDC-42A3-9474-1A3956D46DE8}") = "PaymentService", "PaymentService", "{1B18AA59-F126-4200-9F37-E93AB03F2E38}"
EndProject
Project("{9A19103F-16F7-4668-BE54-9A1E7A4F7556}") = "PaymentService.Api", "src\Services\PaymentService\PaymentService.Api\PaymentService.Api.csproj", "{8C297CA8-20B3-442E-8AD9-4AE51E3BA415}"
EndProject
Project("{2150E333-8FDC-42A3-9474-1A3956D46DE8}") = "tests", "tests", "{DDE81A46-7BEA-48D4-AE86-C9984A39FEC3}"
EndProject
Project("{2150E333-8FDC-42A3-9474-1A3956D46DE8}") = "BuildingBlocks", "BuildingBlocks", "{215E4E21-0300-4A74-8CF2-E9DD9E9E304E}"
EndProject
Project("{FAE04EC0-301F-11D3-BF4B-00C04F79EFBC}") = "EventBus.UnitTest", "tests\BuildingBlocks\EventBus.UnitTest\EventBus.UnitTest.csproj", "{E5031E2C-0EF1-4A5A-8363-2F5969663B2D}"
EndProject
Project("{2150E333-8FDC-42A3-9474-1A3956D46DE8}") = "docker-compose-files", "docker-compose-files", "{79D8ABC2-4098-415E-B6F9-1582E67269DF}"
EndProject
Project("{2150E333-8FDC-42A3-9474-1A3956D46DE8}") = "consul", "consul", "{6DA7A6CE-A01C-43CB-8274-599AD9CF44D6}"
	ProjectSection(SolutionItems) = preProject
		docker-compose.yml = docker-compose.yml
	EndProjectSection
EndProject
Project("{2150E333-8FDC-42A3-9474-1A3956D46DE8}") = "rabbitmq", "rabbitmq", "{AE1EAC29-A32C-4E8A-8C79-3E16AC37362C}"
EndProject
Project("{2150E333-8FDC-42A3-9474-1A3956D46DE8}") = "redis", "redis", "{B051BDFC-D5D3-43B2-AD8B-DF972F7B42BA}"
EndProject
Project("{2150E333-8FDC-42A3-9474-1A3956D46DE8}") = "sqlserver", "sqlserver", "{CF9AAFD4-6968-41E6-86C6-0A60667B03E7}"
EndProject
Global
	GlobalSection(SolutionConfigurationPlatforms) = preSolution
		Debug|Any CPU = Debug|Any CPU
		Release|Any CPU = Release|Any CPU
	EndGlobalSection
	GlobalSection(ProjectConfigurationPlatforms) = postSolution
		{E8AF994D-8D6A-4BC1-B24F-444B31945EA0}.Debug|Any CPU.ActiveCfg = Debug|Any CPU
		{E8AF994D-8D6A-4BC1-B24F-444B31945EA0}.Debug|Any CPU.Build.0 = Debug|Any CPU
		{E8AF994D-8D6A-4BC1-B24F-444B31945EA0}.Release|Any CPU.ActiveCfg = Release|Any CPU
		{E8AF994D-8D6A-4BC1-B24F-444B31945EA0}.Release|Any CPU.Build.0 = Release|Any CPU
		{23A70E1A-8A40-467B-BF36-5C5BF0D51CD4}.Debug|Any CPU.ActiveCfg = Debug|Any CPU
		{23A70E1A-8A40-467B-BF36-5C5BF0D51CD4}.Debug|Any CPU.Build.0 = Debug|Any CPU
		{23A70E1A-8A40-467B-BF36-5C5BF0D51CD4}.Release|Any CPU.ActiveCfg = Release|Any CPU
		{23A70E1A-8A40-467B-BF36-5C5BF0D51CD4}.Release|Any CPU.Build.0 = Release|Any CPU
		{5AFBFBE4-750F-4A0B-953D-6F47958157F2}.Debug|Any CPU.ActiveCfg = Debug|Any CPU
		{5AFBFBE4-750F-4A0B-953D-6F47958157F2}.Debug|Any CPU.Build.0 = Debug|Any CPU
		{5AFBFBE4-750F-4A0B-953D-6F47958157F2}.Release|Any CPU.ActiveCfg = Release|Any CPU
		{5AFBFBE4-750F-4A0B-953D-6F47958157F2}.Release|Any CPU.Build.0 = Release|Any CPU
		{16FD767A-D08D-44F9-ADD9-689ECF06E3C1}.Debug|Any CPU.ActiveCfg = Debug|Any CPU
		{16FD767A-D08D-44F9-ADD9-689ECF06E3C1}.Debug|Any CPU.Build.0 = Debug|Any CPU
		{16FD767A-D08D-44F9-ADD9-689ECF06E3C1}.Release|Any CPU.ActiveCfg = Release|Any CPU
		{16FD767A-D08D-44F9-ADD9-689ECF06E3C1}.Release|Any CPU.Build.0 = Release|Any CPU
		{3D60D1A4-92D5-4312-BD94-68F3C1F4E258}.Debug|Any CPU.ActiveCfg = Debug|Any CPU
		{3D60D1A4-92D5-4312-BD94-68F3C1F4E258}.Debug|Any CPU.Build.0 = Debug|Any CPU
		{3D60D1A4-92D5-4312-BD94-68F3C1F4E258}.Release|Any CPU.ActiveCfg = Release|Any CPU
		{3D60D1A4-92D5-4312-BD94-68F3C1F4E258}.Release|Any CPU.Build.0 = Release|Any CPU
		{BDE70A94-B83A-4C96-807B-735925A40F73}.Debug|Any CPU.ActiveCfg = Debug|Any CPU
		{BDE70A94-B83A-4C96-807B-735925A40F73}.Debug|Any CPU.Build.0 = Debug|Any CPU
		{BDE70A94-B83A-4C96-807B-735925A40F73}.Release|Any CPU.ActiveCfg = Release|Any CPU
		{BDE70A94-B83A-4C96-807B-735925A40F73}.Release|Any CPU.Build.0 = Release|Any CPU
		{CB6C996E-0A9C-431C-91E9-609A6A7D44D5}.Debug|Any CPU.ActiveCfg = Debug|Any CPU
		{CB6C996E-0A9C-431C-91E9-609A6A7D44D5}.Debug|Any CPU.Build.0 = Debug|Any CPU
		{CB6C996E-0A9C-431C-91E9-609A6A7D44D5}.Release|Any CPU.ActiveCfg = Release|Any CPU
		{CB6C996E-0A9C-431C-91E9-609A6A7D44D5}.Release|Any CPU.Build.0 = Release|Any CPU
		{75618CB6-EE14-41EB-A4CD-BEB3C631AF90}.Debug|Any CPU.ActiveCfg = Debug|Any CPU
		{75618CB6-EE14-41EB-A4CD-BEB3C631AF90}.Debug|Any CPU.Build.0 = Debug|Any CPU
		{75618CB6-EE14-41EB-A4CD-BEB3C631AF90}.Release|Any CPU.ActiveCfg = Release|Any CPU
		{75618CB6-EE14-41EB-A4CD-BEB3C631AF90}.Release|Any CPU.Build.0 = Release|Any CPU
		{7D33E66F-7BB3-4A7A-96A1-342562091AFF}.Debug|Any CPU.ActiveCfg = Debug|Any CPU
		{7D33E66F-7BB3-4A7A-96A1-342562091AFF}.Debug|Any CPU.Build.0 = Debug|Any CPU
		{7D33E66F-7BB3-4A7A-96A1-342562091AFF}.Release|Any CPU.ActiveCfg = Release|Any CPU
		{7D33E66F-7BB3-4A7A-96A1-342562091AFF}.Release|Any CPU.Build.0 = Release|Any CPU
		{9C23D0C1-0A4B-4EA7-8A00-0846094F50DE}.Debug|Any CPU.ActiveCfg = Debug|Any CPU
		{9C23D0C1-0A4B-4EA7-8A00-0846094F50DE}.Debug|Any CPU.Build.0 = Debug|Any CPU
		{9C23D0C1-0A4B-4EA7-8A00-0846094F50DE}.Release|Any CPU.ActiveCfg = Release|Any CPU
		{9C23D0C1-0A4B-4EA7-8A00-0846094F50DE}.Release|Any CPU.Build.0 = Release|Any CPU
		{16DE4C53-1789-485C-BEFE-2FBFB4BAA025}.Debug|Any CPU.ActiveCfg = Debug|Any CPU
		{16DE4C53-1789-485C-BEFE-2FBFB4BAA025}.Debug|Any CPU.Build.0 = Debug|Any CPU
		{16DE4C53-1789-485C-BEFE-2FBFB4BAA025}.Release|Any CPU.ActiveCfg = Release|Any CPU
		{16DE4C53-1789-485C-BEFE-2FBFB4BAA025}.Release|Any CPU.Build.0 = Release|Any CPU
		{00CDAEAE-8920-4C35-BFFC-FA4FB1673A65}.Debug|Any CPU.ActiveCfg = Debug|Any CPU
		{00CDAEAE-8920-4C35-BFFC-FA4FB1673A65}.Debug|Any CPU.Build.0 = Debug|Any CPU
		{00CDAEAE-8920-4C35-BFFC-FA4FB1673A65}.Release|Any CPU.ActiveCfg = Release|Any CPU
		{00CDAEAE-8920-4C35-BFFC-FA4FB1673A65}.Release|Any CPU.Build.0 = Release|Any CPU
		{3D25A74F-4B0D-4A73-BF28-595585FEB67B}.Debug|Any CPU.ActiveCfg = Debug|Any CPU
		{3D25A74F-4B0D-4A73-BF28-595585FEB67B}.Debug|Any CPU.Build.0 = Debug|Any CPU
		{3D25A74F-4B0D-4A73-BF28-595585FEB67B}.Release|Any CPU.ActiveCfg = Release|Any CPU
		{3D25A74F-4B0D-4A73-BF28-595585FEB67B}.Release|Any CPU.Build.0 = Release|Any CPU
		{9FBDB0C2-A50E-4557-9E2F-C220C8DC03FD}.Debug|Any CPU.ActiveCfg = Debug|Any CPU
		{9FBDB0C2-A50E-4557-9E2F-C220C8DC03FD}.Debug|Any CPU.Build.0 = Debug|Any CPU
		{9FBDB0C2-A50E-4557-9E2F-C220C8DC03FD}.Release|Any CPU.ActiveCfg = Release|Any CPU
		{9FBDB0C2-A50E-4557-9E2F-C220C8DC03FD}.Release|Any CPU.Build.0 = Release|Any CPU
		{8C297CA8-20B3-442E-8AD9-4AE51E3BA415}.Debug|Any CPU.ActiveCfg = Debug|Any CPU
		{8C297CA8-20B3-442E-8AD9-4AE51E3BA415}.Debug|Any CPU.Build.0 = Debug|Any CPU
		{8C297CA8-20B3-442E-8AD9-4AE51E3BA415}.Release|Any CPU.ActiveCfg = Release|Any CPU
		{8C297CA8-20B3-442E-8AD9-4AE51E3BA415}.Release|Any CPU.Build.0 = Release|Any CPU
		{E5031E2C-0EF1-4A5A-8363-2F5969663B2D}.Debug|Any CPU.ActiveCfg = Debug|Any CPU
		{E5031E2C-0EF1-4A5A-8363-2F5969663B2D}.Debug|Any CPU.Build.0 = Debug|Any CPU
		{E5031E2C-0EF1-4A5A-8363-2F5969663B2D}.Release|Any CPU.ActiveCfg = Release|Any CPU
		{E5031E2C-0EF1-4A5A-8363-2F5969663B2D}.Release|Any CPU.Build.0 = Release|Any CPU
	EndGlobalSection
	GlobalSection(SolutionProperties) = preSolution
		HideSolutionNode = FALSE
	EndGlobalSection
	GlobalSection(NestedProjects) = preSolution
		{870703C8-9D1B-4D9C-A761-58C321F35D6D} = {E6E46D43-BFA6-48CC-AFF1-703425B62774}
		{52919B7A-199C-4C3A-8471-2B1E47D8B2BF} = {E6E46D43-BFA6-48CC-AFF1-703425B62774}
		{9999B709-80F3-45C3-9A48-21C2491C02C0} = {E6E46D43-BFA6-48CC-AFF1-703425B62774}
		{CF087D45-E625-4F13-966D-3C723B959A44} = {E6E46D43-BFA6-48CC-AFF1-703425B62774}
		{DF341BFD-88D7-470B-86D7-7F3427B57C15} = {870703C8-9D1B-4D9C-A761-58C321F35D6D}
		{E8AF994D-8D6A-4BC1-B24F-444B31945EA0} = {DF341BFD-88D7-470B-86D7-7F3427B57C15}
		{F62CFD18-2091-4B95-9A49-BC6336E1A58F} = {52919B7A-199C-4C3A-8471-2B1E47D8B2BF}
		{23A70E1A-8A40-467B-BF36-5C5BF0D51CD4} = {F62CFD18-2091-4B95-9A49-BC6336E1A58F}
		{5AFBFBE4-750F-4A0B-953D-6F47958157F2} = {F62CFD18-2091-4B95-9A49-BC6336E1A58F}
		{16FD767A-D08D-44F9-ADD9-689ECF06E3C1} = {F62CFD18-2091-4B95-9A49-BC6336E1A58F}
		{3D60D1A4-92D5-4312-BD94-68F3C1F4E258} = {F62CFD18-2091-4B95-9A49-BC6336E1A58F}
		{22D35FD0-9A2D-4E74-BDCA-789422D889A9} = {CF087D45-E625-4F13-966D-3C723B959A44}
		{BDE70A94-B83A-4C96-807B-735925A40F73} = {22D35FD0-9A2D-4E74-BDCA-789422D889A9}
		{D5CB47EA-B640-45EC-801D-74D6AF5B4469} = {9999B709-80F3-45C3-9A48-21C2491C02C0}
		{CB6C996E-0A9C-431C-91E9-609A6A7D44D5} = {D5CB47EA-B640-45EC-801D-74D6AF5B4469}
		{CCFB6CB9-0226-4275-8700-F1D6DC535883} = {9999B709-80F3-45C3-9A48-21C2491C02C0}
		{75618CB6-EE14-41EB-A4CD-BEB3C631AF90} = {CCFB6CB9-0226-4275-8700-F1D6DC535883}
		{F2016EE6-B883-4690-901E-0FF6198397CA} = {9999B709-80F3-45C3-9A48-21C2491C02C0}
		{7D33E66F-7BB3-4A7A-96A1-342562091AFF} = {F2016EE6-B883-4690-901E-0FF6198397CA}
		{A52E31C0-AA68-4FB2-A9C6-00160338882B} = {9999B709-80F3-45C3-9A48-21C2491C02C0}
		{9C23D0C1-0A4B-4EA7-8A00-0846094F50DE} = {A52E31C0-AA68-4FB2-A9C6-00160338882B}
		{8A6EFC2B-B605-4103-BD7C-0362526344C0} = {9999B709-80F3-45C3-9A48-21C2491C02C0}
		{16DE4C53-1789-485C-BEFE-2FBFB4BAA025} = {8A6EFC2B-B605-4103-BD7C-0362526344C0}
		{00CDAEAE-8920-4C35-BFFC-FA4FB1673A65} = {8A6EFC2B-B605-4103-BD7C-0362526344C0}
		{3D25A74F-4B0D-4A73-BF28-595585FEB67B} = {8A6EFC2B-B605-4103-BD7C-0362526344C0}
		{9FBDB0C2-A50E-4557-9E2F-C220C8DC03FD} = {8A6EFC2B-B605-4103-BD7C-0362526344C0}
		{1B18AA59-F126-4200-9F37-E93AB03F2E38} = {9999B709-80F3-45C3-9A48-21C2491C02C0}
		{8C297CA8-20B3-442E-8AD9-4AE51E3BA415} = {1B18AA59-F126-4200-9F37-E93AB03F2E38}
		{215E4E21-0300-4A74-8CF2-E9DD9E9E304E} = {DDE81A46-7BEA-48D4-AE86-C9984A39FEC3}
		{E5031E2C-0EF1-4A5A-8363-2F5969663B2D} = {215E4E21-0300-4A74-8CF2-E9DD9E9E304E}
		{6DA7A6CE-A01C-43CB-8274-599AD9CF44D6} = {79D8ABC2-4098-415E-B6F9-1582E67269DF}
		{AE1EAC29-A32C-4E8A-8C79-3E16AC37362C} = {79D8ABC2-4098-415E-B6F9-1582E67269DF}
		{B051BDFC-D5D3-43B2-AD8B-DF972F7B42BA} = {79D8ABC2-4098-415E-B6F9-1582E67269DF}
		{CF9AAFD4-6968-41E6-86C6-0A60667B03E7} = {79D8ABC2-4098-415E-B6F9-1582E67269DF}
	EndGlobalSection
	GlobalSection(ExtensibilityGlobals) = postSolution
		SolutionGuid = {269A260C-6DBE-4F5A-8783-0C1642828861}
	EndGlobalSection
EndGlobal
